
Microsoft Visual Studio Solution File, Format Version 12.00
# Visual Studio Version 17
VisualStudioVersion = 17.1.32210.238
MinimumVisualStudioVersion = 10.0.40219.1
Project("{FAE04EC0-301F-11D3-BF4B-00C04F79EFBC}") = "SSSApp", "SSSApp\SSSApp.csproj", "{127104E4-6203-4B92-BA1A-056C0C53EB38}"
EndProject
Global
	GlobalSection(SolutionConfigurationPlatforms) = preSolution
		Debug|Any CPU = Debug|Any CPU
		Release|Any CPU = Release|Any CPU
	EndGlobalSection
	GlobalSection(ProjectConfigurationPlatforms) = postSolution
		{127104E4-6203-4B92-BA1A-056C0C53EB38}.Debug|Any CPU.ActiveCfg = Debug|Any CPU
		{127104E4-6203-4B92-BA1A-056C0C53EB38}.Debug|Any CPU.Build.0 = Debug|Any CPU
		{127104E4-6203-4B92-BA1A-056C0C53EB38}.Release|Any CPU.ActiveCfg = Release|Any CPU
		{127104E4-6203-4B92-BA1A-056C0C53EB38}.Release|Any CPU.Build.0 = Release|Any CPU
	EndGlobalSection
	GlobalSection(SolutionProperties) = preSolution
		HideSolutionNode = FALSE
	EndGlobalSection
	GlobalSection(ExtensibilityGlobals) = postSolution
		SolutionGuid = {F886F7EA-86B3-4281-940F-720B21AE63A6}
	EndGlobalSection
EndGlobal
